
Microsoft Visual Studio Solution File, Format Version 12.00
# Visual Studio 14
VisualStudioVersion = 14.0.25420.1
MinimumVisualStudioVersion = 10.0.40219.1
Project("{FAE04EC0-301F-11D3-BF4B-00C04F79EFBC}") = "ChallengePostalCalculatorHelperMethods", "ChallengePostalCalculatorHelperMethods\ChallengePostalCalculatorHelperMethods.csproj", "{63B0103D-AA08-4508-B389-4EC8E708A47C}"
EndProject
Global
	GlobalSection(SolutionConfigurationPlatforms) = preSolution
		Debug|Any CPU = Debug|Any CPU
		Release|Any CPU = Release|Any CPU
	EndGlobalSection
	GlobalSection(ProjectConfigurationPlatforms) = postSolution
		{63B0103D-AA08-4508-B389-4EC8E708A47C}.Debug|Any CPU.ActiveCfg = Debug|Any CPU
		{63B0103D-AA08-4508-B389-4EC8E708A47C}.Debug|Any CPU.Build.0 = Debug|Any CPU
		{63B0103D-AA08-4508-B389-4EC8E708A47C}.Release|Any CPU.ActiveCfg = Release|Any CPU
		{63B0103D-AA08-4508-B389-4EC8E708A47C}.Release|Any CPU.Build.0 = Release|Any CPU
	EndGlobalSection
	GlobalSection(SolutionProperties) = preSolution
		HideSolutionNode = FALSE
	EndGlobalSection
EndGlobal
