
Microsoft Visual Studio Solution File, Format Version 12.00
# Visual Studio 14
VisualStudioVersion = 14.0.25420.1
MinimumVisualStudioVersion = 10.0.40219.1
Project("{FAE04EC0-301F-11D3-BF4B-00C04F79EFBC}") = "ChallengeSimpleDarts", "ChallengeSimpleDarts\ChallengeSimpleDarts.csproj", "{B0BFE6E9-536F-4918-9FC4-D744AF147E1D}"
EndProject
Project("{FAE04EC0-301F-11D3-BF4B-00C04F79EFBC}") = "Darts", "Darts\Darts.csproj", "{D6563AD9-F82F-4CAA-A7B3-B7A933DBD130}"
EndProject
Global
	GlobalSection(SolutionConfigurationPlatforms) = preSolution
		Debug|Any CPU = Debug|Any CPU
		Release|Any CPU = Release|Any CPU
	EndGlobalSection
	GlobalSection(ProjectConfigurationPlatforms) = postSolution
		{B0BFE6E9-536F-4918-9FC4-D744AF147E1D}.Debug|Any CPU.ActiveCfg = Debug|Any CPU
		{B0BFE6E9-536F-4918-9FC4-D744AF147E1D}.Debug|Any CPU.Build.0 = Debug|Any CPU
		{B0BFE6E9-536F-4918-9FC4-D744AF147E1D}.Release|Any CPU.ActiveCfg = Release|Any CPU
		{B0BFE6E9-536F-4918-9FC4-D744AF147E1D}.Release|Any CPU.Build.0 = Release|Any CPU
		{D6563AD9-F82F-4CAA-A7B3-B7A933DBD130}.Debug|Any CPU.ActiveCfg = Debug|Any CPU
		{D6563AD9-F82F-4CAA-A7B3-B7A933DBD130}.Debug|Any CPU.Build.0 = Debug|Any CPU
		{D6563AD9-F82F-4CAA-A7B3-B7A933DBD130}.Release|Any CPU.ActiveCfg = Release|Any CPU
		{D6563AD9-F82F-4CAA-A7B3-B7A933DBD130}.Release|Any CPU.Build.0 = Release|Any CPU
	EndGlobalSection
	GlobalSection(SolutionProperties) = preSolution
		HideSolutionNode = FALSE
	EndGlobalSection
EndGlobal
